
Microsoft Visual Studio Solution File, Format Version 12.00
# Visual Studio Version 17
VisualStudioVersion = 17.14.36310.24
MinimumVisualStudioVersion = 10.0.40219.1
Project("{FAE04EC0-301F-11D3-BF4B-00C04F79EFBC}") = "Server", "Server\Server.csproj", "{9C8A0A44-F80F-4D64-B0F8-AAAC54B28D12}"
EndProject
Project("{FAE04EC0-301F-11D3-BF4B-00C04F79EFBC}") = "Shared", "Shared\Shared.csproj", "{DB5C9BA3-F80B-45BA-A193-8B0FC46039FE}"
EndProject
Project("{FAE04EC0-301F-11D3-BF4B-00C04F79EFBC}") = "Client", "Client\Client.csproj", "{AE7EEA74-2FE0-136F-D797-854FD87E022A}"
EndProject
Project("{2150E333-8FDC-42A3-9474-1A3956D46DE8}") = "Solution Items", "Solution Items", "{8EC462FD-D22E-90A8-E5CE-7E832BA40C5D}"
	ProjectSection(SolutionItems) = preProject
		HowToAddNewProduct.txt = HowToAddNewProduct.txt
	EndProjectSection
EndProject
Global
	GlobalSection(SolutionConfigurationPlatforms) = preSolution
		Debug|Any CPU = Debug|Any CPU
		Release|Any CPU = Release|Any CPU
	EndGlobalSection
	GlobalSection(ProjectConfigurationPlatforms) = postSolution
		{9C8A0A44-F80F-4D64-B0F8-AAAC54B28D12}.Debug|Any CPU.ActiveCfg = Debug|Any CPU
		{9C8A0A44-F80F-4D64-B0F8-AAAC54B28D12}.Debug|Any CPU.Build.0 = Debug|Any CPU
		{9C8A0A44-F80F-4D64-B0F8-AAAC54B28D12}.Release|Any CPU.ActiveCfg = Release|Any CPU
		{9C8A0A44-F80F-4D64-B0F8-AAAC54B28D12}.Release|Any CPU.Build.0 = Release|Any CPU
		{DB5C9BA3-F80B-45BA-A193-8B0FC46039FE}.Debug|Any CPU.ActiveCfg = Debug|Any CPU
		{DB5C9BA3-F80B-45BA-A193-8B0FC46039FE}.Debug|Any CPU.Build.0 = Debug|Any CPU
		{DB5C9BA3-F80B-45BA-A193-8B0FC46039FE}.Release|Any CPU.ActiveCfg = Release|Any CPU
		{DB5C9BA3-F80B-45BA-A193-8B0FC46039FE}.Release|Any CPU.Build.0 = Release|Any CPU
		{AE7EEA74-2FE0-136F-D797-854FD87E022A}.Debug|Any CPU.ActiveCfg = Debug|Any CPU
		{AE7EEA74-2FE0-136F-D797-854FD87E022A}.Debug|Any CPU.Build.0 = Debug|Any CPU
		{AE7EEA74-2FE0-136F-D797-854FD87E022A}.Release|Any CPU.ActiveCfg = Release|Any CPU
		{AE7EEA74-2FE0-136F-D797-854FD87E022A}.Release|Any CPU.Build.0 = Release|Any CPU
	EndGlobalSection
	GlobalSection(SolutionProperties) = preSolution
		HideSolutionNode = FALSE
	EndGlobalSection
	GlobalSection(ExtensibilityGlobals) = postSolution
		SolutionGuid = {ED1A9F9F-1D14-4FE7-8360-435A77D9654A}
	EndGlobalSection
EndGlobal
